
Microsoft Visual Studio Solution File, Format Version 12.00
# Visual Studio Version 16
VisualStudioVersion = 16.0.29519.181
MinimumVisualStudioVersion = 10.0.40219.1
Project("{FAE04EC0-301F-11D3-BF4B-00C04F79EFBC}") = "Example_1051_Homework_10 v2", "Example_1051_Homework\Example_1051_Homework_10 v2.csproj", "{A3A7DD88-27BD-4704-BC6E-E756ED385E48}"
EndProject
Project("{FAE04EC0-301F-11D3-BF4B-00C04F79EFBC}") = "OpenData_Mos.ru", "OpenData_Mos.ru\OpenData_Mos.ru.csproj", "{1A1C8CE1-C90C-4F9D-9347-116C39B59BA1}"
EndProject
Project("{FAE04EC0-301F-11D3-BF4B-00C04F79EFBC}") = "Example_1219Wpf2 time dispatcher propertynotify", "Example_1219Wpf2\Example_1219Wpf2 time dispatcher propertynotify.csproj", "{87174E66-B891-4C16-AC96-456F36803738}"
EndProject
Global
	GlobalSection(SolutionConfigurationPlatforms) = preSolution
		Debug|Any CPU = Debug|Any CPU
		Release|Any CPU = Release|Any CPU
	EndGlobalSection
	GlobalSection(ProjectConfigurationPlatforms) = postSolution
		{A3A7DD88-27BD-4704-BC6E-E756ED385E48}.Debug|Any CPU.ActiveCfg = Debug|Any CPU
		{A3A7DD88-27BD-4704-BC6E-E756ED385E48}.Debug|Any CPU.Build.0 = Debug|Any CPU
		{A3A7DD88-27BD-4704-BC6E-E756ED385E48}.Release|Any CPU.ActiveCfg = Release|Any CPU
		{A3A7DD88-27BD-4704-BC6E-E756ED385E48}.Release|Any CPU.Build.0 = Release|Any CPU
		{1A1C8CE1-C90C-4F9D-9347-116C39B59BA1}.Debug|Any CPU.ActiveCfg = Debug|Any CPU
		{1A1C8CE1-C90C-4F9D-9347-116C39B59BA1}.Debug|Any CPU.Build.0 = Debug|Any CPU
		{1A1C8CE1-C90C-4F9D-9347-116C39B59BA1}.Release|Any CPU.ActiveCfg = Release|Any CPU
		{1A1C8CE1-C90C-4F9D-9347-116C39B59BA1}.Release|Any CPU.Build.0 = Release|Any CPU
		{87174E66-B891-4C16-AC96-456F36803738}.Debug|Any CPU.ActiveCfg = Debug|Any CPU
		{87174E66-B891-4C16-AC96-456F36803738}.Debug|Any CPU.Build.0 = Debug|Any CPU
		{87174E66-B891-4C16-AC96-456F36803738}.Release|Any CPU.ActiveCfg = Release|Any CPU
		{87174E66-B891-4C16-AC96-456F36803738}.Release|Any CPU.Build.0 = Release|Any CPU
	EndGlobalSection
	GlobalSection(SolutionProperties) = preSolution
		HideSolutionNode = FALSE
	EndGlobalSection
	GlobalSection(ExtensibilityGlobals) = postSolution
		SolutionGuid = {26F28674-7F5A-4EF6-8F13-2031C5827FB6}
	EndGlobalSection
EndGlobal
